{
  "name": "node",
  "version": "1.0.0",
  "lockfileVersion": 3,
  "requires": true,
  "packages": {
    "": {
      "name": "node",
      "version": "1.0.0",
      "license": "ISC",
      "dependencies": {
        "crunker": "^2.4.0"
      }
    },
    "node_modules/crunker": {
      "version": "2.4.0",
      "resolved": "https://registry.npmjs.org/crunker/-/crunker-2.4.0.tgz",
      "integrity": "sha512-3J0aBgLaB8jpGh6o+bisjYzOEkJLYxhnisHXogjY4fxYewh1aVCptWAz7RSTYPncCyxdfA+UaWAM1BrQiZvZgQ=="
    }
  }
}
